
Microsoft Visual Studio Solution File, Format Version 12.00
# Visual Studio Version 17
VisualStudioVersion = 17.4.33213.308
MinimumVisualStudioVersion = 10.0.40219.1
Project("{FAE04EC0-301F-11D3-BF4B-00C04F79EFBC}") = "JwtApi", "JwtApi\JwtApi.csproj", "{DB9AC98E-DC7E-42F2-98FC-2433E0B6F109}"
EndProject
Global
	GlobalSection(SolutionConfigurationPlatforms) = preSolution
		Debug|Any CPU = Debug|Any CPU
		Release|Any CPU = Release|Any CPU
	EndGlobalSection
	GlobalSection(ProjectConfigurationPlatforms) = postSolution
		{DB9AC98E-DC7E-42F2-98FC-2433E0B6F109}.Debug|Any CPU.ActiveCfg = Debug|Any CPU
		{DB9AC98E-DC7E-42F2-98FC-2433E0B6F109}.Debug|Any CPU.Build.0 = Debug|Any CPU
		{DB9AC98E-DC7E-42F2-98FC-2433E0B6F109}.Release|Any CPU.ActiveCfg = Release|Any CPU
		{DB9AC98E-DC7E-42F2-98FC-2433E0B6F109}.Release|Any CPU.Build.0 = Release|Any CPU
	EndGlobalSection
	GlobalSection(SolutionProperties) = preSolution
		HideSolutionNode = FALSE
	EndGlobalSection
	GlobalSection(ExtensibilityGlobals) = postSolution
		SolutionGuid = {E9AAA95F-98ED-445C-8C6A-15E99C38DB86}
	EndGlobalSection
EndGlobal
